{
  "name": "audittoolui",
  "version": "0.1.0",
  "lockfileVersion": 1,
  "requires": true,
  "dependencies": {
    "git-exec": {
      "version": "0.2.1",
      "resolved": "https://registry.npmjs.org/git-exec/-/git-exec-0.2.1.tgz",
      "integrity": "sha1-geeTN5CuF9HpYA1PW2UHcjPP/1g="
    }
  }
}
